
Microsoft Visual Studio Solution File, Format Version 12.00
# Visual Studio Version 16
VisualStudioVersion = 16.0.30330.147
MinimumVisualStudioVersion = 10.0.40219.1
Project("{8BC9CEB8-8B4A-11D0-8D11-00A0C91BC942}") = "axis", "axis.vcxproj", "{B2543B4F-F862-472B-91D0-1DD61CDCA018}"
EndProject
Project("{8BC9CEB8-8B4A-11D0-8D11-00A0C91BC942}") = "axiscm", "..\DLL\axiscm\axiscm.vcxproj", "{517A105A-174A-42A6-B885-04CF6B361044}"
EndProject
Project("{8BC9CEB8-8B4A-11D0-8D11-00A0C91BC942}") = "axiscp", "..\DLL\axiscp\axiscp.vcxproj", "{6EC601D2-2EED-4A8D-BF1F-4A9D6BA25EC9}"
EndProject
Project("{8BC9CEB8-8B4A-11D0-8D11-00A0C91BC942}") = "axissm", "..\DLL\sm\axissm.vcxproj", "{EF283C89-673C-4887-B13D-39936B615E01}"
EndProject
Project("{8BC9CEB8-8B4A-11D0-8D11-00A0C91BC942}") = "CX_WebLink", "..\CONTROL\CX_WebLink(운영)\CX_WebLink.vcxproj", "{D02EE826-3992-406F-9EC1-74AE4444ADD1}"
EndProject
Global
	GlobalSection(SolutionConfigurationPlatforms) = preSolution
		Debug|x64 = Debug|x64
		Debug|x86 = Debug|x86
		IB300600 Debug|x64 = IB300600 Debug|x64
		IB300600 Debug|x86 = IB300600 Debug|x86
		IB300600 Release|x64 = IB300600 Release|x64
		IB300600 Release|x86 = IB300600 Release|x86
		IB300700 Debug|x64 = IB300700 Debug|x64
		IB300700 Debug|x86 = IB300700 Debug|x86
		IB300700 Release|x64 = IB300700 Release|x64
		IB300700 Release|x86 = IB300700 Release|x86
		IB301000 Debug|x64 = IB301000 Debug|x64
		IB301000 Debug|x86 = IB301000 Debug|x86
		IB301000 Release|x64 = IB301000 Release|x64
		IB301000 Release|x86 = IB301000 Release|x86
		Release|x64 = Release|x64
		Release|x86 = Release|x86
		Template|x64 = Template|x64
		Template|x86 = Template|x86
	EndGlobalSection
	GlobalSection(ProjectConfigurationPlatforms) = postSolution
		{B2543B4F-F862-472B-91D0-1DD61CDCA018}.Debug|x64.ActiveCfg = Debug|Win32
		{B2543B4F-F862-472B-91D0-1DD61CDCA018}.Debug|x86.ActiveCfg = Debug|Win32
		{B2543B4F-F862-472B-91D0-1DD61CDCA018}.Debug|x86.Build.0 = Debug|Win32
		{B2543B4F-F862-472B-91D0-1DD61CDCA018}.IB300600 Debug|x64.ActiveCfg = Release|Win32
		{B2543B4F-F862-472B-91D0-1DD61CDCA018}.IB300600 Debug|x64.Build.0 = Release|Win32
		{B2543B4F-F862-472B-91D0-1DD61CDCA018}.IB300600 Debug|x86.ActiveCfg = Debug|Win32
		{B2543B4F-F862-472B-91D0-1DD61CDCA018}.IB300600 Debug|x86.Build.0 = Debug|Win32
		{B2543B4F-F862-472B-91D0-1DD61CDCA018}.IB300600 Release|x64.ActiveCfg = Release|Win32
		{B2543B4F-F862-472B-91D0-1DD61CDCA018}.IB300600 Release|x64.Build.0 = Release|Win32
		{B2543B4F-F862-472B-91D0-1DD61CDCA018}.IB300600 Release|x86.ActiveCfg = Release|Win32
		{B2543B4F-F862-472B-91D0-1DD61CDCA018}.IB300600 Release|x86.Build.0 = Release|Win32
		{B2543B4F-F862-472B-91D0-1DD61CDCA018}.IB300700 Debug|x64.ActiveCfg = Release|Win32
		{B2543B4F-F862-472B-91D0-1DD61CDCA018}.IB300700 Debug|x64.Build.0 = Release|Win32
		{B2543B4F-F862-472B-91D0-1DD61CDCA018}.IB300700 Debug|x86.ActiveCfg = Debug|Win32
		{B2543B4F-F862-472B-91D0-1DD61CDCA018}.IB300700 Debug|x86.Build.0 = Debug|Win32
		{B2543B4F-F862-472B-91D0-1DD61CDCA018}.IB300700 Release|x64.ActiveCfg = Release|Win32
		{B2543B4F-F862-472B-91D0-1DD61CDCA018}.IB300700 Release|x64.Build.0 = Release|Win32
		{B2543B4F-F862-472B-91D0-1DD61CDCA018}.IB300700 Release|x86.ActiveCfg = Release|Win32
		{B2543B4F-F862-472B-91D0-1DD61CDCA018}.IB300700 Release|x86.Build.0 = Release|Win32
		{B2543B4F-F862-472B-91D0-1DD61CDCA018}.IB301000 Debug|x64.ActiveCfg = Release|Win32
		{B2543B4F-F862-472B-91D0-1DD61CDCA018}.IB301000 Debug|x64.Build.0 = Release|Win32
		{B2543B4F-F862-472B-91D0-1DD61CDCA018}.IB301000 Debug|x86.ActiveCfg = Debug|Win32
		{B2543B4F-F862-472B-91D0-1DD61CDCA018}.IB301000 Debug|x86.Build.0 = Debug|Win32
		{B2543B4F-F862-472B-91D0-1DD61CDCA018}.IB301000 Release|x64.ActiveCfg = Release|Win32
		{B2543B4F-F862-472B-91D0-1DD61CDCA018}.IB301000 Release|x64.Build.0 = Release|Win32
		{B2543B4F-F862-472B-91D0-1DD61CDCA018}.IB301000 Release|x86.ActiveCfg = Release|Win32
		{B2543B4F-F862-472B-91D0-1DD61CDCA018}.IB301000 Release|x86.Build.0 = Release|Win32
		{B2543B4F-F862-472B-91D0-1DD61CDCA018}.Release|x64.ActiveCfg = Release|Win32
		{B2543B4F-F862-472B-91D0-1DD61CDCA018}.Release|x86.ActiveCfg = Release|Win32
		{B2543B4F-F862-472B-91D0-1DD61CDCA018}.Release|x86.Build.0 = Release|Win32
		{B2543B4F-F862-472B-91D0-1DD61CDCA018}.Template|x64.ActiveCfg = Release|Win32
		{B2543B4F-F862-472B-91D0-1DD61CDCA018}.Template|x64.Build.0 = Release|Win32
		{B2543B4F-F862-472B-91D0-1DD61CDCA018}.Template|x86.ActiveCfg = Release|Win32
		{B2543B4F-F862-472B-91D0-1DD61CDCA018}.Template|x86.Build.0 = Release|Win32
		{517A105A-174A-42A6-B885-04CF6B361044}.Debug|x64.ActiveCfg = Debug|Win32
		{517A105A-174A-42A6-B885-04CF6B361044}.Debug|x86.ActiveCfg = Debug|Win32
		{517A105A-174A-42A6-B885-04CF6B361044}.Debug|x86.Build.0 = Debug|Win32
		{517A105A-174A-42A6-B885-04CF6B361044}.IB300600 Debug|x64.ActiveCfg = Debug|Win32
		{517A105A-174A-42A6-B885-04CF6B361044}.IB300600 Debug|x64.Build.0 = Debug|Win32
		{517A105A-174A-42A6-B885-04CF6B361044}.IB300600 Debug|x86.ActiveCfg = Debug|Win32
		{517A105A-174A-42A6-B885-04CF6B361044}.IB300600 Debug|x86.Build.0 = Debug|Win32
		{517A105A-174A-42A6-B885-04CF6B361044}.IB300600 Release|x64.ActiveCfg = Debug|Win32
		{517A105A-174A-42A6-B885-04CF6B361044}.IB300600 Release|x64.Build.0 = Debug|Win32
		{517A105A-174A-42A6-B885-04CF6B361044}.IB300600 Release|x86.ActiveCfg = Release|Win32
		{517A105A-174A-42A6-B885-04CF6B361044}.IB300600 Release|x86.Build.0 = Release|Win32
		{517A105A-174A-42A6-B885-04CF6B361044}.IB300700 Debug|x64.ActiveCfg = Debug|Win32
		{517A105A-174A-42A6-B885-04CF6B361044}.IB300700 Debug|x64.Build.0 = Debug|Win32
		{517A105A-174A-42A6-B885-04CF6B361044}.IB300700 Debug|x86.ActiveCfg = Debug|Win32
		{517A105A-174A-42A6-B885-04CF6B361044}.IB300700 Debug|x86.Build.0 = Debug|Win32
		{517A105A-174A-42A6-B885-04CF6B361044}.IB300700 Release|x64.ActiveCfg = Debug|Win32
		{517A105A-174A-42A6-B885-04CF6B361044}.IB300700 Release|x64.Build.0 = Debug|Win32
		{517A105A-174A-42A6-B885-04CF6B361044}.IB300700 Release|x86.ActiveCfg = Release|Win32
		{517A105A-174A-42A6-B885-04CF6B361044}.IB300700 Release|x86.Build.0 = Release|Win32
		{517A105A-174A-42A6-B885-04CF6B361044}.IB301000 Debug|x64.ActiveCfg = Debug|Win32
		{517A105A-174A-42A6-B885-04CF6B361044}.IB301000 Debug|x64.Build.0 = Debug|Win32
		{517A105A-174A-42A6-B885-04CF6B361044}.IB301000 Debug|x86.ActiveCfg = Debug|Win32
		{517A105A-174A-42A6-B885-04CF6B361044}.IB301000 Debug|x86.Build.0 = Debug|Win32
		{517A105A-174A-42A6-B885-04CF6B361044}.IB301000 Release|x64.ActiveCfg = Debug|Win32
		{517A105A-174A-42A6-B885-04CF6B361044}.IB301000 Release|x64.Build.0 = Debug|Win32
		{517A105A-174A-42A6-B885-04CF6B361044}.IB301000 Release|x86.ActiveCfg = Release|Win32
		{517A105A-174A-42A6-B885-04CF6B361044}.IB301000 Release|x86.Build.0 = Release|Win32
		{517A105A-174A-42A6-B885-04CF6B361044}.Release|x64.ActiveCfg = Release|Win32
		{517A105A-174A-42A6-B885-04CF6B361044}.Release|x86.ActiveCfg = Release|Win32
		{517A105A-174A-42A6-B885-04CF6B361044}.Release|x86.Build.0 = Release|Win32
		{517A105A-174A-42A6-B885-04CF6B361044}.Template|x64.ActiveCfg = Template|Win32
		{517A105A-174A-42A6-B885-04CF6B361044}.Template|x86.ActiveCfg = Template|Win32
		{517A105A-174A-42A6-B885-04CF6B361044}.Template|x86.Build.0 = Template|Win32
		{6EC601D2-2EED-4A8D-BF1F-4A9D6BA25EC9}.Debug|x64.ActiveCfg = Debug|Win32
		{6EC601D2-2EED-4A8D-BF1F-4A9D6BA25EC9}.Debug|x86.ActiveCfg = Debug|Win32
		{6EC601D2-2EED-4A8D-BF1F-4A9D6BA25EC9}.Debug|x86.Build.0 = Debug|Win32
		{6EC601D2-2EED-4A8D-BF1F-4A9D6BA25EC9}.IB300600 Debug|x64.ActiveCfg = Debug|Win32
		{6EC601D2-2EED-4A8D-BF1F-4A9D6BA25EC9}.IB300600 Debug|x64.Build.0 = Debug|Win32
		{6EC601D2-2EED-4A8D-BF1F-4A9D6BA25EC9}.IB300600 Debug|x86.ActiveCfg = Debug|Win32
		{6EC601D2-2EED-4A8D-BF1F-4A9D6BA25EC9}.IB300600 Debug|x86.Build.0 = Debug|Win32
		{6EC601D2-2EED-4A8D-BF1F-4A9D6BA25EC9}.IB300600 Release|x64.ActiveCfg = Debug|Win32
		{6EC601D2-2EED-4A8D-BF1F-4A9D6BA25EC9}.IB300600 Release|x64.Build.0 = Debug|Win32
		{6EC601D2-2EED-4A8D-BF1F-4A9D6BA25EC9}.IB300600 Release|x86.ActiveCfg = Release|Win32
		{6EC601D2-2EED-4A8D-BF1F-4A9D6BA25EC9}.IB300600 Release|x86.Build.0 = Release|Win32
		{6EC601D2-2EED-4A8D-BF1F-4A9D6BA25EC9}.IB300700 Debug|x64.ActiveCfg = Debug|Win32
		{6EC601D2-2EED-4A8D-BF1F-4A9D6BA25EC9}.IB300700 Debug|x64.Build.0 = Debug|Win32
		{6EC601D2-2EED-4A8D-BF1F-4A9D6BA25EC9}.IB300700 Debug|x86.ActiveCfg = Debug|Win32
		{6EC601D2-2EED-4A8D-BF1F-4A9D6BA25EC9}.IB300700 Debug|x86.Build.0 = Debug|Win32
		{6EC601D2-2EED-4A8D-BF1F-4A9D6BA25EC9}.IB300700 Release|x64.ActiveCfg = Debug|Win32
		{6EC601D2-2EED-4A8D-BF1F-4A9D6BA25EC9}.IB300700 Release|x64.Build.0 = Debug|Win32
		{6EC601D2-2EED-4A8D-BF1F-4A9D6BA25EC9}.IB300700 Release|x86.ActiveCfg = Release|Win32
		{6EC601D2-2EED-4A8D-BF1F-4A9D6BA25EC9}.IB300700 Release|x86.Build.0 = Release|Win32
		{6EC601D2-2EED-4A8D-BF1F-4A9D6BA25EC9}.IB301000 Debug|x64.ActiveCfg = Debug|Win32
		{6EC601D2-2EED-4A8D-BF1F-4A9D6BA25EC9}.IB301000 Debug|x64.Build.0 = Debug|Win32
		{6EC601D2-2EED-4A8D-BF1F-4A9D6BA25EC9}.IB301000 Debug|x86.ActiveCfg = Debug|Win32
		{6EC601D2-2EED-4A8D-BF1F-4A9D6BA25EC9}.IB301000 Debug|x86.Build.0 = Debug|Win32
		{6EC601D2-2EED-4A8D-BF1F-4A9D6BA25EC9}.IB301000 Release|x64.ActiveCfg = Debug|Win32
		{6EC601D2-2EED-4A8D-BF1F-4A9D6BA25EC9}.IB301000 Release|x64.Build.0 = Debug|Win32
		{6EC601D2-2EED-4A8D-BF1F-4A9D6BA25EC9}.IB301000 Release|x86.ActiveCfg = Release|Win32
		{6EC601D2-2EED-4A8D-BF1F-4A9D6BA25EC9}.IB301000 Release|x86.Build.0 = Release|Win32
		{6EC601D2-2EED-4A8D-BF1F-4A9D6BA25EC9}.Release|x64.ActiveCfg = Release|Win32
		{6EC601D2-2EED-4A8D-BF1F-4A9D6BA25EC9}.Release|x86.ActiveCfg = Release|Win32
		{6EC601D2-2EED-4A8D-BF1F-4A9D6BA25EC9}.Release|x86.Build.0 = Release|Win32
		{6EC601D2-2EED-4A8D-BF1F-4A9D6BA25EC9}.Template|x64.ActiveCfg = Template|Win32
		{6EC601D2-2EED-4A8D-BF1F-4A9D6BA25EC9}.Template|x86.ActiveCfg = Template|Win32
		{6EC601D2-2EED-4A8D-BF1F-4A9D6BA25EC9}.Template|x86.Build.0 = Template|Win32
		{EF283C89-673C-4887-B13D-39936B615E01}.Debug|x64.ActiveCfg = Debug|Win32
		{EF283C89-673C-4887-B13D-39936B615E01}.Debug|x86.ActiveCfg = Debug|Win32
		{EF283C89-673C-4887-B13D-39936B615E01}.Debug|x86.Build.0 = Debug|Win32
		{EF283C89-673C-4887-B13D-39936B615E01}.IB300600 Debug|x64.ActiveCfg = Debug|Win32
		{EF283C89-673C-4887-B13D-39936B615E01}.IB300600 Debug|x64.Build.0 = Debug|Win32
		{EF283C89-673C-4887-B13D-39936B615E01}.IB300600 Debug|x86.ActiveCfg = Debug|Win32
		{EF283C89-673C-4887-B13D-39936B615E01}.IB300600 Debug|x86.Build.0 = Debug|Win32
		{EF283C89-673C-4887-B13D-39936B615E01}.IB300600 Release|x64.ActiveCfg = Debug|Win32
		{EF283C89-673C-4887-B13D-39936B615E01}.IB300600 Release|x64.Build.0 = Debug|Win32
		{EF283C89-673C-4887-B13D-39936B615E01}.IB300600 Release|x86.ActiveCfg = Release|Win32
		{EF283C89-673C-4887-B13D-39936B615E01}.IB300600 Release|x86.Build.0 = Release|Win32
		{EF283C89-673C-4887-B13D-39936B615E01}.IB300700 Debug|x64.ActiveCfg = Debug|Win32
		{EF283C89-673C-4887-B13D-39936B615E01}.IB300700 Debug|x64.Build.0 = Debug|Win32
		{EF283C89-673C-4887-B13D-39936B615E01}.IB300700 Debug|x86.ActiveCfg = Debug|Win32
		{EF283C89-673C-4887-B13D-39936B615E01}.IB300700 Debug|x86.Build.0 = Debug|Win32
		{EF283C89-673C-4887-B13D-39936B615E01}.IB300700 Release|x64.ActiveCfg = Debug|Win32
		{EF283C89-673C-4887-B13D-39936B615E01}.IB300700 Release|x64.Build.0 = Debug|Win32
		{EF283C89-673C-4887-B13D-39936B615E01}.IB300700 Release|x86.ActiveCfg = Release|Win32
		{EF283C89-673C-4887-B13D-39936B615E01}.IB300700 Release|x86.Build.0 = Release|Win32
		{EF283C89-673C-4887-B13D-39936B615E01}.IB301000 Debug|x64.ActiveCfg = Debug|Win32
		{EF283C89-673C-4887-B13D-39936B615E01}.IB301000 Debug|x64.Build.0 = Debug|Win32
		{EF283C89-673C-4887-B13D-39936B615E01}.IB301000 Debug|x86.ActiveCfg = Debug|Win32
		{EF283C89-673C-4887-B13D-39936B615E01}.IB301000 Debug|x86.Build.0 = Debug|Win32
		{EF283C89-673C-4887-B13D-39936B615E01}.IB301000 Release|x64.ActiveCfg = Debug|Win32
		{EF283C89-673C-4887-B13D-39936B615E01}.IB301000 Release|x64.Build.0 = Debug|Win32
		{EF283C89-673C-4887-B13D-39936B615E01}.IB301000 Release|x86.ActiveCfg = Release|Win32
		{EF283C89-673C-4887-B13D-39936B615E01}.IB301000 Release|x86.Build.0 = Release|Win32
		{EF283C89-673C-4887-B13D-39936B615E01}.Release|x64.ActiveCfg = Release|Win32
		{EF283C89-673C-4887-B13D-39936B615E01}.Release|x86.ActiveCfg = Release|Win32
		{EF283C89-673C-4887-B13D-39936B615E01}.Release|x86.Build.0 = Release|Win32
		{EF283C89-673C-4887-B13D-39936B615E01}.Template|x64.ActiveCfg = Template|Win32
		{EF283C89-673C-4887-B13D-39936B615E01}.Template|x86.ActiveCfg = Template|Win32
		{EF283C89-673C-4887-B13D-39936B615E01}.Template|x86.Build.0 = Template|Win32
		{D02EE826-3992-406F-9EC1-74AE4444ADD1}.Debug|x64.ActiveCfg = Debug|Win32
		{D02EE826-3992-406F-9EC1-74AE4444ADD1}.Debug|x86.ActiveCfg = Debug|Win32
		{D02EE826-3992-406F-9EC1-74AE4444ADD1}.Debug|x86.Build.0 = Debug|Win32
		{D02EE826-3992-406F-9EC1-74AE4444ADD1}.IB300600 Debug|x64.ActiveCfg = Debug|Win32
		{D02EE826-3992-406F-9EC1-74AE4444ADD1}.IB300600 Debug|x64.Build.0 = Debug|Win32
		{D02EE826-3992-406F-9EC1-74AE4444ADD1}.IB300600 Debug|x86.ActiveCfg = Debug|Win32
		{D02EE826-3992-406F-9EC1-74AE4444ADD1}.IB300600 Debug|x86.Build.0 = Debug|Win32
		{D02EE826-3992-406F-9EC1-74AE4444ADD1}.IB300600 Release|x64.ActiveCfg = Debug|Win32
		{D02EE826-3992-406F-9EC1-74AE4444ADD1}.IB300600 Release|x64.Build.0 = Debug|Win32
		{D02EE826-3992-406F-9EC1-74AE4444ADD1}.IB300600 Release|x86.ActiveCfg = Release|Win32
		{D02EE826-3992-406F-9EC1-74AE4444ADD1}.IB300600 Release|x86.Build.0 = Release|Win32
		{D02EE826-3992-406F-9EC1-74AE4444ADD1}.IB300700 Debug|x64.ActiveCfg = Debug|Win32
		{D02EE826-3992-406F-9EC1-74AE4444ADD1}.IB300700 Debug|x64.Build.0 = Debug|Win32
		{D02EE826-3992-406F-9EC1-74AE4444ADD1}.IB300700 Debug|x86.ActiveCfg = Debug|Win32
		{D02EE826-3992-406F-9EC1-74AE4444ADD1}.IB300700 Debug|x86.Build.0 = Debug|Win32
		{D02EE826-3992-406F-9EC1-74AE4444ADD1}.IB300700 Release|x64.ActiveCfg = Debug|Win32
		{D02EE826-3992-406F-9EC1-74AE4444ADD1}.IB300700 Release|x64.Build.0 = Debug|Win32
		{D02EE826-3992-406F-9EC1-74AE4444ADD1}.IB300700 Release|x86.ActiveCfg = Release|Win32
		{D02EE826-3992-406F-9EC1-74AE4444ADD1}.IB300700 Release|x86.Build.0 = Release|Win32
		{D02EE826-3992-406F-9EC1-74AE4444ADD1}.IB301000 Debug|x64.ActiveCfg = Debug|Win32
		{D02EE826-3992-406F-9EC1-74AE4444ADD1}.IB301000 Debug|x64.Build.0 = Debug|Win32
		{D02EE826-3992-406F-9EC1-74AE4444ADD1}.IB301000 Debug|x86.ActiveCfg = Debug|Win32
		{D02EE826-3992-406F-9EC1-74AE4444ADD1}.IB301000 Debug|x86.Build.0 = Debug|Win32
		{D02EE826-3992-406F-9EC1-74AE4444ADD1}.IB301000 Release|x64.ActiveCfg = Debug|Win32
		{D02EE826-3992-406F-9EC1-74AE4444ADD1}.IB301000 Release|x64.Build.0 = Debug|Win32
		{D02EE826-3992-406F-9EC1-74AE4444ADD1}.IB301000 Release|x86.ActiveCfg = Release|Win32
		{D02EE826-3992-406F-9EC1-74AE4444ADD1}.IB301000 Release|x86.Build.0 = Release|Win32
		{D02EE826-3992-406F-9EC1-74AE4444ADD1}.Release|x64.ActiveCfg = Release|Win32
		{D02EE826-3992-406F-9EC1-74AE4444ADD1}.Release|x86.ActiveCfg = Release|Win32
		{D02EE826-3992-406F-9EC1-74AE4444ADD1}.Release|x86.Build.0 = Release|Win32
		{D02EE826-3992-406F-9EC1-74AE4444ADD1}.Template|x64.ActiveCfg = Template|Win32
		{D02EE826-3992-406F-9EC1-74AE4444ADD1}.Template|x86.ActiveCfg = Template|Win32
		{D02EE826-3992-406F-9EC1-74AE4444ADD1}.Template|x86.Build.0 = Template|Win32
	EndGlobalSection
	GlobalSection(SolutionProperties) = preSolution
		HideSolutionNode = FALSE
	EndGlobalSection
	GlobalSection(ExtensibilityGlobals) = postSolution
		SolutionGuid = {C2560BD6-AF54-4D82-998B-F723E624EAB0}
	EndGlobalSection
EndGlobal
