
Microsoft Visual Studio Solution File, Format Version 12.00
# Visual Studio Version 16
VisualStudioVersion = 16.0.30330.147
MinimumVisualStudioVersion = 10.0.40219.1
Project("{8BC9CEB8-8B4A-11D0-8D11-00A0C91BC942}") = "axis", "axis.vcxproj", "{B2543B4F-F862-472B-91D0-1DD61CDCA018}"
EndProject
Project("{8BC9CEB8-8B4A-11D0-8D11-00A0C91BC942}") = "axiscm", "..\DLL\axiscm\axiscm.vcxproj", "{517A105A-174A-42A6-B885-04CF6B361044}"
EndProject
Project("{8BC9CEB8-8B4A-11D0-8D11-00A0C91BC942}") = "axiscp", "..\DLL\axiscp\axiscp.vcxproj", "{6EC601D2-2EED-4A8D-BF1F-4A9D6BA25EC9}"
EndProject
Project("{8BC9CEB8-8B4A-11D0-8D11-00A0C91BC942}") = "axissm", "..\DLL\sm\axissm.vcxproj", "{EF283C89-673C-4887-B13D-39936B615E01}"
EndProject
Project("{8BC9CEB8-8B4A-11D0-8D11-00A0C91BC942}") = "fx_GridEx", "..\CONTROL\fx_GridEx\fx_GridEx.vcxproj", "{5FA22CB1-F130-44B5-AECB-2562AA1CB3FE}"
EndProject
Project("{8BC9CEB8-8B4A-11D0-8D11-00A0C91BC942}") = "fx_grid", "..\CONTROL\fx_grid\fx_grid.vcxproj", "{8CFD2E44-E6C4-47A5-B053-E296711771E9}"
EndProject
Project("{8BC9CEB8-8B4A-11D0-8D11-00A0C91BC942}") = "fx_misc", "..\CONTROL\fx_misc\fx_misc.vcxproj", "{7FCDBEC8-BB64-433C-A0F7-94EF0E444CB6}"
EndProject
Project("{8BC9CEB8-8B4A-11D0-8D11-00A0C91BC942}") = "AxisCode", "..\DLL\AXISCODE-운용\AxisCode.vcxproj", "{3189A766-9FDE-4C51-80DA-232E7CEE87D4}"
EndProject
Project("{8BC9CEB8-8B4A-11D0-8D11-00A0C91BC942}") = "axisglb", "..\DLL\glb\axisglb.vcxproj", "{877E6835-6F4D-43DE-9581-919F04150E13}"
EndProject
Project("{8BC9CEB8-8B4A-11D0-8D11-00A0C91BC942}") = "CX_SHA256", "..\CONTROL\CX_SHA256(운영)\CX_SHA256.vcxproj", "{CB4F596A-7472-4D44-8EA0-C11BEE725201}"
EndProject
Project("{8BC9CEB8-8B4A-11D0-8D11-00A0C91BC942}") = "CX_AES", "..\CONTROL\CX_AES(운영)\CX_AES.vcxproj", "{419D2C47-7D5D-4279-BB38-BDABB0C05511}"
EndProject
Project("{8BC9CEB8-8B4A-11D0-8D11-00A0C91BC942}") = "CX_FDS", "..\CONTROL\CX_FDS(운영)\CX_FDS.vcxproj", "{80F8192E-DC01-49EA-9839-0C146B4D045A}"
EndProject
Project("{8BC9CEB8-8B4A-11D0-8D11-00A0C91BC942}") = "CX_INTEREST", "..\CONTROL\CX_INTEREST(운영)\CX_INTEREST.vcxproj", "{77632621-734D-4EB6-9325-21781F09EC7C}"
EndProject
Project("{8BC9CEB8-8B4A-11D0-8D11-00A0C91BC942}") = "IB0000A2", "..\APPL\IB0000A2 - 계좌그룹편집\IB0000A2.vcxproj", "{BF4E5B04-B83C-4188-8F2D-E17A3B2DD897}"
EndProject
Project("{8BC9CEB8-8B4A-11D0-8D11-00A0C91BC942}") = "IB771000", "..\APPL\IB771000+-+종합시황(운영)\IB771000.vcxproj", "{D54C7A9F-7F9C-470F-AAE8-6187D32A4BBC}"
EndProject
Project("{8BC9CEB8-8B4A-11D0-8D11-00A0C91BC942}") = "cx_codectrlex", "..\CONTROL\cx_codectrlex(운영)\cx_codectrlex.vcxproj", "{1B3C8488-D1F1-4F9C-B174-14930DB38044}"
EndProject
Project("{8BC9CEB8-8B4A-11D0-8D11-00A0C91BC942}") = "IB0000A1", "..\APPL\IB0000A1(운영)\IB0000A1.vcxproj", "{F2865278-9FDE-4FE6-B0C8-96880251383C}"
EndProject
Project("{8BC9CEB8-8B4A-11D0-8D11-00A0C91BC942}") = "IBXXXX12", "..\APPL\IBXXXX12\IBXXXX12\IBXXXX12.vcxproj", "{A2F476EF-56A2-49DD-AD1B-48AC6FD06B99}"
EndProject
Project("{8BC9CEB8-8B4A-11D0-8D11-00A0C91BC942}") = "IBXXXX13", "..\APPL\IBXXXX13\IBXXXX13\IBXXXX13.vcxproj", "{8A5B2699-4257-4786-AE66-57B64DD1161D}"
EndProject
Project("{8BC9CEB8-8B4A-11D0-8D11-00A0C91BC942}") = "axiscore", "..\AXISCORE\axiscore.vcxproj", "{ED0DC872-1EDF-4B0E-8302-30DC9362AE22}"
EndProject
Project("{8BC9CEB8-8B4A-11D0-8D11-00A0C91BC942}") = "CX_WebLink", "..\CONTROL\CX_WebLink(운영)\CX_WebLink.vcxproj", "{D02EE826-3992-406F-9EC1-74AE4444ADD1}"
EndProject
Project("{8BC9CEB8-8B4A-11D0-8D11-00A0C91BC942}") = "CX_NATINGTEL", "..\CONTROL\CX_NATINGTEL(운영)\CX_NATINGTEL.vcxproj", "{E6DD225F-B4BB-46DA-B1DF-898EA94E5A59}"
EndProject
Project("{8BC9CEB8-8B4A-11D0-8D11-00A0C91BC942}") = "CX_Price", "..\CONTROL\cx_Price\CX_Price.vcxproj", "{D97C46DC-D0C1-4D87-A4AA-9ED3C0D24C6F}"
EndProject
Project("{8BC9CEB8-8B4A-11D0-8D11-00A0C91BC942}") = "CX_SimpleAuth", "..\CONTROL\CX_SimpleAuth\CX_SimpleAuth.vcxproj", "{6DDB8F88-6FCB-433B-91B0-495FEEEDA994}"
EndProject
Project("{8BC9CEB8-8B4A-11D0-8D11-00A0C91BC942}") = "cx_News", "..\CONTROL\cx_News\cx_News.vcxproj", "{1D0148B9-AD86-4ECD-8601-5C505193D6B3}"
EndProject
Project("{8BC9CEB8-8B4A-11D0-8D11-00A0C91BC942}") = "IB202201", "..\APPL\IB202201+-+관심종목설정(운영)\IB202201.vcxproj", "{B47EEA98-21D3-487A-BB0F-B4A4065B57C6}"
EndProject
Project("{8BC9CEB8-8B4A-11D0-8D11-00A0C91BC942}") = "IB100600", "..\APPL\IB100600 - 주식복수종목주문\IB100600.vcxproj", "{7C061C05-C620-4E5D-B02B-4F3291026FA5}"
EndProject
Project("{8BC9CEB8-8B4A-11D0-8D11-00A0C91BC942}") = "IB191000", "..\APPL\IB191000\IB191000.vcxproj", "{DC23AE9D-F05F-45A5-B481-697763CDF96C}"
EndProject
Project("{8BC9CEB8-8B4A-11D0-8D11-00A0C91BC942}") = "CX_Account", "..\CONTROL\CX_Account(운영)\CX_Account.vcxproj", "{ED1AF631-ADC3-4472-B9C3-D10E9DE3BD8E}"
EndProject
Project("{8BC9CEB8-8B4A-11D0-8D11-00A0C91BC942}") = "IB0000A4", "..\APPL\IB0000A4\IB0000A4.vcxproj", "{5DE3FEE5-471D-4FFB-A900-A07F364A09F2}"
EndProject
Project("{8BC9CEB8-8B4A-11D0-8D11-00A0C91BC942}") = "IB202202", "..\APPL\IB202202+-+관심종목설정(운영)\IB202202.vcxproj", "{65F6A01A-8324-4017-94E6-9E819475C0BB}"
EndProject
Project("{8BC9CEB8-8B4A-11D0-8D11-00A0C91BC942}") = "IB210100", "..\APPL\IB210100+-+시세변동판\IB210100.vcxproj", "{31D35A8E-68AC-4215-89A3-B13CEC053712}"
EndProject
Project("{8BC9CEB8-8B4A-11D0-8D11-00A0C91BC942}") = "IB871000", "..\APPL\IB871000 - 복수계좌체결내역\IB871000.vcxproj", "{A5807A36-E92C-477E-BE4F-868EEA0E1080}"
EndProject
Project("{8BC9CEB8-8B4A-11D0-8D11-00A0C91BC942}") = "IBXXXX01", "..\APPL\IBXXXX02\IBXXXX01.vcxproj", "{7FBD91A4-9632-45C0-B1A4-47B7C4A30E0A}"
EndProject
Project("{8BC9CEB8-8B4A-11D0-8D11-00A0C91BC942}") = "CX_CalJango", "..\CONTROL\CX_CalJango(운영)\CX_CalJango.vcxproj", "{C42375FB-B0C6-496E-8C29-34880B13A440}"
EndProject
Project("{8BC9CEB8-8B4A-11D0-8D11-00A0C91BC942}") = "CX_Notify", "..\CONTROL\CX_Notify(운영)\CX_Notify.vcxproj", "{5F172D0E-F6AB-40DA-B0C8-8FE709B4ABD1}"
EndProject
Project("{8BC9CEB8-8B4A-11D0-8D11-00A0C91BC942}") = "IB650001", "..\APPL\IB650001 - 복수계좌그룹편집\IB650001.vcxproj", "{EBDB244E-ED29-4E5C-88AA-E2D649FF49F1}"
EndProject
Project("{8BC9CEB8-8B4A-11D0-8D11-00A0C91BC942}") = "CX_FundPrinter", "..\CONTROL\CX_FundPrinter\CX_FundPrinter.vcxproj", "{42C3C42A-B724-4046-824F-7F3F10944895}"
EndProject
Project("{8BC9CEB8-8B4A-11D0-8D11-00A0C91BC942}") = "CX_FOMultiSel", "..\CONTROL\CX_FOMultiSel\CX_FOMultiSel.vcxproj", "{46D54FA3-357C-4B26-93D9-B92C786A77A1}"
EndProject
Global
	GlobalSection(SolutionConfigurationPlatforms) = preSolution
		Debug|x64 = Debug|x64
		Debug|x86 = Debug|x86
		Release|x64 = Release|x64
		Release|x86 = Release|x86
		Template|x64 = Template|x64
		Template|x86 = Template|x86
	EndGlobalSection
	GlobalSection(ProjectConfigurationPlatforms) = postSolution
		{B2543B4F-F862-472B-91D0-1DD61CDCA018}.Debug|x64.ActiveCfg = Debug|Win32
		{B2543B4F-F862-472B-91D0-1DD61CDCA018}.Debug|x86.ActiveCfg = Debug|Win32
		{B2543B4F-F862-472B-91D0-1DD61CDCA018}.Debug|x86.Build.0 = Debug|Win32
		{B2543B4F-F862-472B-91D0-1DD61CDCA018}.Release|x64.ActiveCfg = Release|Win32
		{B2543B4F-F862-472B-91D0-1DD61CDCA018}.Release|x86.ActiveCfg = Release|Win32
		{B2543B4F-F862-472B-91D0-1DD61CDCA018}.Release|x86.Build.0 = Release|Win32
		{B2543B4F-F862-472B-91D0-1DD61CDCA018}.Template|x64.ActiveCfg = Release|Win32
		{B2543B4F-F862-472B-91D0-1DD61CDCA018}.Template|x64.Build.0 = Release|Win32
		{B2543B4F-F862-472B-91D0-1DD61CDCA018}.Template|x86.ActiveCfg = Release|Win32
		{B2543B4F-F862-472B-91D0-1DD61CDCA018}.Template|x86.Build.0 = Release|Win32
		{517A105A-174A-42A6-B885-04CF6B361044}.Debug|x64.ActiveCfg = Debug|Win32
		{517A105A-174A-42A6-B885-04CF6B361044}.Debug|x86.ActiveCfg = Debug|Win32
		{517A105A-174A-42A6-B885-04CF6B361044}.Debug|x86.Build.0 = Debug|Win32
		{517A105A-174A-42A6-B885-04CF6B361044}.Release|x64.ActiveCfg = Release|Win32
		{517A105A-174A-42A6-B885-04CF6B361044}.Release|x86.ActiveCfg = Release|Win32
		{517A105A-174A-42A6-B885-04CF6B361044}.Release|x86.Build.0 = Release|Win32
		{517A105A-174A-42A6-B885-04CF6B361044}.Template|x64.ActiveCfg = Template|Win32
		{517A105A-174A-42A6-B885-04CF6B361044}.Template|x86.ActiveCfg = Template|Win32
		{517A105A-174A-42A6-B885-04CF6B361044}.Template|x86.Build.0 = Template|Win32
		{6EC601D2-2EED-4A8D-BF1F-4A9D6BA25EC9}.Debug|x64.ActiveCfg = Debug|Win32
		{6EC601D2-2EED-4A8D-BF1F-4A9D6BA25EC9}.Debug|x86.ActiveCfg = Debug|Win32
		{6EC601D2-2EED-4A8D-BF1F-4A9D6BA25EC9}.Debug|x86.Build.0 = Debug|Win32
		{6EC601D2-2EED-4A8D-BF1F-4A9D6BA25EC9}.Release|x64.ActiveCfg = Release|Win32
		{6EC601D2-2EED-4A8D-BF1F-4A9D6BA25EC9}.Release|x86.ActiveCfg = Release|Win32
		{6EC601D2-2EED-4A8D-BF1F-4A9D6BA25EC9}.Release|x86.Build.0 = Release|Win32
		{6EC601D2-2EED-4A8D-BF1F-4A9D6BA25EC9}.Template|x64.ActiveCfg = Template|Win32
		{6EC601D2-2EED-4A8D-BF1F-4A9D6BA25EC9}.Template|x86.ActiveCfg = Template|Win32
		{6EC601D2-2EED-4A8D-BF1F-4A9D6BA25EC9}.Template|x86.Build.0 = Template|Win32
		{EF283C89-673C-4887-B13D-39936B615E01}.Debug|x64.ActiveCfg = Debug|Win32
		{EF283C89-673C-4887-B13D-39936B615E01}.Debug|x86.ActiveCfg = Debug|Win32
		{EF283C89-673C-4887-B13D-39936B615E01}.Debug|x86.Build.0 = Debug|Win32
		{EF283C89-673C-4887-B13D-39936B615E01}.Release|x64.ActiveCfg = Release|Win32
		{EF283C89-673C-4887-B13D-39936B615E01}.Release|x86.ActiveCfg = Release|Win32
		{EF283C89-673C-4887-B13D-39936B615E01}.Release|x86.Build.0 = Release|Win32
		{EF283C89-673C-4887-B13D-39936B615E01}.Template|x64.ActiveCfg = Template|Win32
		{EF283C89-673C-4887-B13D-39936B615E01}.Template|x86.ActiveCfg = Template|Win32
		{EF283C89-673C-4887-B13D-39936B615E01}.Template|x86.Build.0 = Template|Win32
		{5FA22CB1-F130-44B5-AECB-2562AA1CB3FE}.Debug|x64.ActiveCfg = Debug|Win32
		{5FA22CB1-F130-44B5-AECB-2562AA1CB3FE}.Debug|x86.ActiveCfg = Debug|Win32
		{5FA22CB1-F130-44B5-AECB-2562AA1CB3FE}.Debug|x86.Build.0 = Debug|Win32
		{5FA22CB1-F130-44B5-AECB-2562AA1CB3FE}.Release|x64.ActiveCfg = Release|Win32
		{5FA22CB1-F130-44B5-AECB-2562AA1CB3FE}.Release|x86.ActiveCfg = Release|Win32
		{5FA22CB1-F130-44B5-AECB-2562AA1CB3FE}.Release|x86.Build.0 = Release|Win32
		{5FA22CB1-F130-44B5-AECB-2562AA1CB3FE}.Template|x64.ActiveCfg = Template|Win32
		{5FA22CB1-F130-44B5-AECB-2562AA1CB3FE}.Template|x86.ActiveCfg = Template|Win32
		{5FA22CB1-F130-44B5-AECB-2562AA1CB3FE}.Template|x86.Build.0 = Template|Win32
		{8CFD2E44-E6C4-47A5-B053-E296711771E9}.Debug|x64.ActiveCfg = Debug|Win32
		{8CFD2E44-E6C4-47A5-B053-E296711771E9}.Debug|x86.ActiveCfg = Debug|Win32
		{8CFD2E44-E6C4-47A5-B053-E296711771E9}.Debug|x86.Build.0 = Debug|Win32
		{8CFD2E44-E6C4-47A5-B053-E296711771E9}.Release|x64.ActiveCfg = Release|Win32
		{8CFD2E44-E6C4-47A5-B053-E296711771E9}.Release|x86.ActiveCfg = Release|Win32
		{8CFD2E44-E6C4-47A5-B053-E296711771E9}.Release|x86.Build.0 = Release|Win32
		{8CFD2E44-E6C4-47A5-B053-E296711771E9}.Template|x64.ActiveCfg = Template|Win32
		{8CFD2E44-E6C4-47A5-B053-E296711771E9}.Template|x86.ActiveCfg = Template|Win32
		{8CFD2E44-E6C4-47A5-B053-E296711771E9}.Template|x86.Build.0 = Template|Win32
		{7FCDBEC8-BB64-433C-A0F7-94EF0E444CB6}.Debug|x64.ActiveCfg = Debug|Win32
		{7FCDBEC8-BB64-433C-A0F7-94EF0E444CB6}.Debug|x86.ActiveCfg = Debug|Win32
		{7FCDBEC8-BB64-433C-A0F7-94EF0E444CB6}.Debug|x86.Build.0 = Debug|Win32
		{7FCDBEC8-BB64-433C-A0F7-94EF0E444CB6}.Release|x64.ActiveCfg = Release|Win32
		{7FCDBEC8-BB64-433C-A0F7-94EF0E444CB6}.Release|x86.ActiveCfg = Release|Win32
		{7FCDBEC8-BB64-433C-A0F7-94EF0E444CB6}.Release|x86.Build.0 = Release|Win32
		{7FCDBEC8-BB64-433C-A0F7-94EF0E444CB6}.Template|x64.ActiveCfg = Release|Win32
		{7FCDBEC8-BB64-433C-A0F7-94EF0E444CB6}.Template|x64.Build.0 = Release|Win32
		{7FCDBEC8-BB64-433C-A0F7-94EF0E444CB6}.Template|x86.ActiveCfg = Debug|Win32
		{7FCDBEC8-BB64-433C-A0F7-94EF0E444CB6}.Template|x86.Build.0 = Debug|Win32
		{3189A766-9FDE-4C51-80DA-232E7CEE87D4}.Debug|x64.ActiveCfg = Debug|Win32
		{3189A766-9FDE-4C51-80DA-232E7CEE87D4}.Debug|x86.ActiveCfg = Debug|Win32
		{3189A766-9FDE-4C51-80DA-232E7CEE87D4}.Debug|x86.Build.0 = Debug|Win32
		{3189A766-9FDE-4C51-80DA-232E7CEE87D4}.Release|x64.ActiveCfg = Release|Win32
		{3189A766-9FDE-4C51-80DA-232E7CEE87D4}.Release|x86.ActiveCfg = Release|Win32
		{3189A766-9FDE-4C51-80DA-232E7CEE87D4}.Release|x86.Build.0 = Release|Win32
		{3189A766-9FDE-4C51-80DA-232E7CEE87D4}.Template|x64.ActiveCfg = Release|Win32
		{3189A766-9FDE-4C51-80DA-232E7CEE87D4}.Template|x64.Build.0 = Release|Win32
		{3189A766-9FDE-4C51-80DA-232E7CEE87D4}.Template|x86.ActiveCfg = Debug|Win32
		{3189A766-9FDE-4C51-80DA-232E7CEE87D4}.Template|x86.Build.0 = Debug|Win32
		{877E6835-6F4D-43DE-9581-919F04150E13}.Debug|x64.ActiveCfg = Debug|Win32
		{877E6835-6F4D-43DE-9581-919F04150E13}.Debug|x86.ActiveCfg = Debug|Win32
		{877E6835-6F4D-43DE-9581-919F04150E13}.Debug|x86.Build.0 = Debug|Win32
		{877E6835-6F4D-43DE-9581-919F04150E13}.Release|x64.ActiveCfg = Release|Win32
		{877E6835-6F4D-43DE-9581-919F04150E13}.Release|x86.ActiveCfg = Release|Win32
		{877E6835-6F4D-43DE-9581-919F04150E13}.Release|x86.Build.0 = Release|Win32
		{877E6835-6F4D-43DE-9581-919F04150E13}.Template|x64.ActiveCfg = Release|Win32
		{877E6835-6F4D-43DE-9581-919F04150E13}.Template|x64.Build.0 = Release|Win32
		{877E6835-6F4D-43DE-9581-919F04150E13}.Template|x86.ActiveCfg = Debug|Win32
		{877E6835-6F4D-43DE-9581-919F04150E13}.Template|x86.Build.0 = Debug|Win32
		{CB4F596A-7472-4D44-8EA0-C11BEE725201}.Debug|x64.ActiveCfg = Debug|Win32
		{CB4F596A-7472-4D44-8EA0-C11BEE725201}.Debug|x86.ActiveCfg = Debug|Win32
		{CB4F596A-7472-4D44-8EA0-C11BEE725201}.Debug|x86.Build.0 = Debug|Win32
		{CB4F596A-7472-4D44-8EA0-C11BEE725201}.Release|x64.ActiveCfg = Release|Win32
		{CB4F596A-7472-4D44-8EA0-C11BEE725201}.Release|x86.ActiveCfg = Release|Win32
		{CB4F596A-7472-4D44-8EA0-C11BEE725201}.Release|x86.Build.0 = Release|Win32
		{CB4F596A-7472-4D44-8EA0-C11BEE725201}.Template|x64.ActiveCfg = Release|Win32
		{CB4F596A-7472-4D44-8EA0-C11BEE725201}.Template|x64.Build.0 = Release|Win32
		{CB4F596A-7472-4D44-8EA0-C11BEE725201}.Template|x86.ActiveCfg = Debug|Win32
		{CB4F596A-7472-4D44-8EA0-C11BEE725201}.Template|x86.Build.0 = Debug|Win32
		{419D2C47-7D5D-4279-BB38-BDABB0C05511}.Debug|x64.ActiveCfg = Debug|Win32
		{419D2C47-7D5D-4279-BB38-BDABB0C05511}.Debug|x86.ActiveCfg = Debug|Win32
		{419D2C47-7D5D-4279-BB38-BDABB0C05511}.Debug|x86.Build.0 = Debug|Win32
		{419D2C47-7D5D-4279-BB38-BDABB0C05511}.Release|x64.ActiveCfg = Release|Win32
		{419D2C47-7D5D-4279-BB38-BDABB0C05511}.Release|x86.ActiveCfg = Release|Win32
		{419D2C47-7D5D-4279-BB38-BDABB0C05511}.Release|x86.Build.0 = Release|Win32
		{419D2C47-7D5D-4279-BB38-BDABB0C05511}.Template|x64.ActiveCfg = Template|Win32
		{419D2C47-7D5D-4279-BB38-BDABB0C05511}.Template|x86.ActiveCfg = Template|Win32
		{419D2C47-7D5D-4279-BB38-BDABB0C05511}.Template|x86.Build.0 = Template|Win32
		{80F8192E-DC01-49EA-9839-0C146B4D045A}.Debug|x64.ActiveCfg = Debug|Win32
		{80F8192E-DC01-49EA-9839-0C146B4D045A}.Debug|x86.ActiveCfg = Debug|Win32
		{80F8192E-DC01-49EA-9839-0C146B4D045A}.Debug|x86.Build.0 = Debug|Win32
		{80F8192E-DC01-49EA-9839-0C146B4D045A}.Release|x64.ActiveCfg = Release|Win32
		{80F8192E-DC01-49EA-9839-0C146B4D045A}.Release|x86.ActiveCfg = Release|Win32
		{80F8192E-DC01-49EA-9839-0C146B4D045A}.Release|x86.Build.0 = Release|Win32
		{80F8192E-DC01-49EA-9839-0C146B4D045A}.Template|x64.ActiveCfg = Template|Win32
		{80F8192E-DC01-49EA-9839-0C146B4D045A}.Template|x86.ActiveCfg = Template|Win32
		{80F8192E-DC01-49EA-9839-0C146B4D045A}.Template|x86.Build.0 = Template|Win32
		{77632621-734D-4EB6-9325-21781F09EC7C}.Debug|x64.ActiveCfg = Debug|Win32
		{77632621-734D-4EB6-9325-21781F09EC7C}.Debug|x86.ActiveCfg = Debug|Win32
		{77632621-734D-4EB6-9325-21781F09EC7C}.Debug|x86.Build.0 = Debug|Win32
		{77632621-734D-4EB6-9325-21781F09EC7C}.Release|x64.ActiveCfg = Release|Win32
		{77632621-734D-4EB6-9325-21781F09EC7C}.Release|x86.ActiveCfg = Release|Win32
		{77632621-734D-4EB6-9325-21781F09EC7C}.Release|x86.Build.0 = Release|Win32
		{77632621-734D-4EB6-9325-21781F09EC7C}.Template|x64.ActiveCfg = Template|Win32
		{77632621-734D-4EB6-9325-21781F09EC7C}.Template|x86.ActiveCfg = Template|Win32
		{77632621-734D-4EB6-9325-21781F09EC7C}.Template|x86.Build.0 = Template|Win32
		{BF4E5B04-B83C-4188-8F2D-E17A3B2DD897}.Debug|x64.ActiveCfg = Debug|Win32
		{BF4E5B04-B83C-4188-8F2D-E17A3B2DD897}.Debug|x86.ActiveCfg = Debug|Win32
		{BF4E5B04-B83C-4188-8F2D-E17A3B2DD897}.Debug|x86.Build.0 = Debug|Win32
		{BF4E5B04-B83C-4188-8F2D-E17A3B2DD897}.Release|x64.ActiveCfg = Release|Win32
		{BF4E5B04-B83C-4188-8F2D-E17A3B2DD897}.Release|x86.ActiveCfg = Release|Win32
		{BF4E5B04-B83C-4188-8F2D-E17A3B2DD897}.Release|x86.Build.0 = Release|Win32
		{BF4E5B04-B83C-4188-8F2D-E17A3B2DD897}.Template|x64.ActiveCfg = Template|Win32
		{BF4E5B04-B83C-4188-8F2D-E17A3B2DD897}.Template|x86.ActiveCfg = Template|Win32
		{BF4E5B04-B83C-4188-8F2D-E17A3B2DD897}.Template|x86.Build.0 = Template|Win32
		{D54C7A9F-7F9C-470F-AAE8-6187D32A4BBC}.Debug|x64.ActiveCfg = Debug|Win32
		{D54C7A9F-7F9C-470F-AAE8-6187D32A4BBC}.Debug|x86.ActiveCfg = Debug|Win32
		{D54C7A9F-7F9C-470F-AAE8-6187D32A4BBC}.Debug|x86.Build.0 = Debug|Win32
		{D54C7A9F-7F9C-470F-AAE8-6187D32A4BBC}.Release|x64.ActiveCfg = Release|Win32
		{D54C7A9F-7F9C-470F-AAE8-6187D32A4BBC}.Release|x86.ActiveCfg = Release|Win32
		{D54C7A9F-7F9C-470F-AAE8-6187D32A4BBC}.Release|x86.Build.0 = Release|Win32
		{D54C7A9F-7F9C-470F-AAE8-6187D32A4BBC}.Template|x64.ActiveCfg = Template|Win32
		{D54C7A9F-7F9C-470F-AAE8-6187D32A4BBC}.Template|x86.ActiveCfg = Template|Win32
		{D54C7A9F-7F9C-470F-AAE8-6187D32A4BBC}.Template|x86.Build.0 = Template|Win32
		{1B3C8488-D1F1-4F9C-B174-14930DB38044}.Debug|x64.ActiveCfg = Debug|Win32
		{1B3C8488-D1F1-4F9C-B174-14930DB38044}.Debug|x86.ActiveCfg = Debug|Win32
		{1B3C8488-D1F1-4F9C-B174-14930DB38044}.Debug|x86.Build.0 = Debug|Win32
		{1B3C8488-D1F1-4F9C-B174-14930DB38044}.Release|x64.ActiveCfg = Release|Win32
		{1B3C8488-D1F1-4F9C-B174-14930DB38044}.Release|x86.ActiveCfg = Release|Win32
		{1B3C8488-D1F1-4F9C-B174-14930DB38044}.Release|x86.Build.0 = Release|Win32
		{1B3C8488-D1F1-4F9C-B174-14930DB38044}.Template|x64.ActiveCfg = Release|Win32
		{1B3C8488-D1F1-4F9C-B174-14930DB38044}.Template|x64.Build.0 = Release|Win32
		{1B3C8488-D1F1-4F9C-B174-14930DB38044}.Template|x86.ActiveCfg = Debug|Win32
		{1B3C8488-D1F1-4F9C-B174-14930DB38044}.Template|x86.Build.0 = Debug|Win32
		{F2865278-9FDE-4FE6-B0C8-96880251383C}.Debug|x64.ActiveCfg = Debug|Win32
		{F2865278-9FDE-4FE6-B0C8-96880251383C}.Debug|x86.ActiveCfg = Debug|Win32
		{F2865278-9FDE-4FE6-B0C8-96880251383C}.Debug|x86.Build.0 = Debug|Win32
		{F2865278-9FDE-4FE6-B0C8-96880251383C}.Release|x64.ActiveCfg = Release|Win32
		{F2865278-9FDE-4FE6-B0C8-96880251383C}.Release|x86.ActiveCfg = Release|Win32
		{F2865278-9FDE-4FE6-B0C8-96880251383C}.Release|x86.Build.0 = Release|Win32
		{F2865278-9FDE-4FE6-B0C8-96880251383C}.Template|x64.ActiveCfg = Release|Win32
		{F2865278-9FDE-4FE6-B0C8-96880251383C}.Template|x64.Build.0 = Release|Win32
		{F2865278-9FDE-4FE6-B0C8-96880251383C}.Template|x86.ActiveCfg = Debug|Win32
		{F2865278-9FDE-4FE6-B0C8-96880251383C}.Template|x86.Build.0 = Debug|Win32
		{A2F476EF-56A2-49DD-AD1B-48AC6FD06B99}.Debug|x64.ActiveCfg = Debug|x64
		{A2F476EF-56A2-49DD-AD1B-48AC6FD06B99}.Debug|x64.Build.0 = Debug|x64
		{A2F476EF-56A2-49DD-AD1B-48AC6FD06B99}.Debug|x86.ActiveCfg = Debug|Win32
		{A2F476EF-56A2-49DD-AD1B-48AC6FD06B99}.Debug|x86.Build.0 = Debug|Win32
		{A2F476EF-56A2-49DD-AD1B-48AC6FD06B99}.Release|x64.ActiveCfg = Release|x64
		{A2F476EF-56A2-49DD-AD1B-48AC6FD06B99}.Release|x64.Build.0 = Release|x64
		{A2F476EF-56A2-49DD-AD1B-48AC6FD06B99}.Release|x86.ActiveCfg = Release|Win32
		{A2F476EF-56A2-49DD-AD1B-48AC6FD06B99}.Release|x86.Build.0 = Release|Win32
		{A2F476EF-56A2-49DD-AD1B-48AC6FD06B99}.Template|x64.ActiveCfg = Debug|x64
		{A2F476EF-56A2-49DD-AD1B-48AC6FD06B99}.Template|x64.Build.0 = Debug|x64
		{A2F476EF-56A2-49DD-AD1B-48AC6FD06B99}.Template|x86.ActiveCfg = Debug|Win32
		{A2F476EF-56A2-49DD-AD1B-48AC6FD06B99}.Template|x86.Build.0 = Debug|Win32
		{8A5B2699-4257-4786-AE66-57B64DD1161D}.Debug|x64.ActiveCfg = Debug|x64
		{8A5B2699-4257-4786-AE66-57B64DD1161D}.Debug|x64.Build.0 = Debug|x64
		{8A5B2699-4257-4786-AE66-57B64DD1161D}.Debug|x86.ActiveCfg = Debug|Win32
		{8A5B2699-4257-4786-AE66-57B64DD1161D}.Debug|x86.Build.0 = Debug|Win32
		{8A5B2699-4257-4786-AE66-57B64DD1161D}.Release|x64.ActiveCfg = Release|x64
		{8A5B2699-4257-4786-AE66-57B64DD1161D}.Release|x64.Build.0 = Release|x64
		{8A5B2699-4257-4786-AE66-57B64DD1161D}.Release|x86.ActiveCfg = Release|Win32
		{8A5B2699-4257-4786-AE66-57B64DD1161D}.Release|x86.Build.0 = Release|Win32
		{8A5B2699-4257-4786-AE66-57B64DD1161D}.Template|x64.ActiveCfg = Debug|x64
		{8A5B2699-4257-4786-AE66-57B64DD1161D}.Template|x64.Build.0 = Debug|x64
		{8A5B2699-4257-4786-AE66-57B64DD1161D}.Template|x86.ActiveCfg = Debug|Win32
		{8A5B2699-4257-4786-AE66-57B64DD1161D}.Template|x86.Build.0 = Debug|Win32
		{ED0DC872-1EDF-4B0E-8302-30DC9362AE22}.Debug|x64.ActiveCfg = Debug|Win32
		{ED0DC872-1EDF-4B0E-8302-30DC9362AE22}.Debug|x86.ActiveCfg = Debug|Win32
		{ED0DC872-1EDF-4B0E-8302-30DC9362AE22}.Debug|x86.Build.0 = Debug|Win32
		{ED0DC872-1EDF-4B0E-8302-30DC9362AE22}.Release|x64.ActiveCfg = Release|Win32
		{ED0DC872-1EDF-4B0E-8302-30DC9362AE22}.Release|x86.ActiveCfg = Release|Win32
		{ED0DC872-1EDF-4B0E-8302-30DC9362AE22}.Release|x86.Build.0 = Release|Win32
		{ED0DC872-1EDF-4B0E-8302-30DC9362AE22}.Template|x64.ActiveCfg = Debug|Win32
		{ED0DC872-1EDF-4B0E-8302-30DC9362AE22}.Template|x64.Build.0 = Debug|Win32
		{ED0DC872-1EDF-4B0E-8302-30DC9362AE22}.Template|x86.ActiveCfg = Debug|Win32
		{ED0DC872-1EDF-4B0E-8302-30DC9362AE22}.Template|x86.Build.0 = Debug|Win32
		{D02EE826-3992-406F-9EC1-74AE4444ADD1}.Debug|x64.ActiveCfg = Debug|Win32
		{D02EE826-3992-406F-9EC1-74AE4444ADD1}.Debug|x86.ActiveCfg = Debug|Win32
		{D02EE826-3992-406F-9EC1-74AE4444ADD1}.Debug|x86.Build.0 = Debug|Win32
		{D02EE826-3992-406F-9EC1-74AE4444ADD1}.Release|x64.ActiveCfg = Release|Win32
		{D02EE826-3992-406F-9EC1-74AE4444ADD1}.Release|x86.ActiveCfg = Release|Win32
		{D02EE826-3992-406F-9EC1-74AE4444ADD1}.Release|x86.Build.0 = Release|Win32
		{D02EE826-3992-406F-9EC1-74AE4444ADD1}.Template|x64.ActiveCfg = Template|Win32
		{D02EE826-3992-406F-9EC1-74AE4444ADD1}.Template|x86.ActiveCfg = Template|Win32
		{D02EE826-3992-406F-9EC1-74AE4444ADD1}.Template|x86.Build.0 = Template|Win32
		{E6DD225F-B4BB-46DA-B1DF-898EA94E5A59}.Debug|x64.ActiveCfg = Debug|Win32
		{E6DD225F-B4BB-46DA-B1DF-898EA94E5A59}.Debug|x86.ActiveCfg = Debug|Win32
		{E6DD225F-B4BB-46DA-B1DF-898EA94E5A59}.Debug|x86.Build.0 = Debug|Win32
		{E6DD225F-B4BB-46DA-B1DF-898EA94E5A59}.Release|x64.ActiveCfg = Release|Win32
		{E6DD225F-B4BB-46DA-B1DF-898EA94E5A59}.Release|x86.ActiveCfg = Release|Win32
		{E6DD225F-B4BB-46DA-B1DF-898EA94E5A59}.Release|x86.Build.0 = Release|Win32
		{E6DD225F-B4BB-46DA-B1DF-898EA94E5A59}.Template|x64.ActiveCfg = Template|Win32
		{E6DD225F-B4BB-46DA-B1DF-898EA94E5A59}.Template|x86.ActiveCfg = Template|Win32
		{E6DD225F-B4BB-46DA-B1DF-898EA94E5A59}.Template|x86.Build.0 = Template|Win32
		{D97C46DC-D0C1-4D87-A4AA-9ED3C0D24C6F}.Debug|x64.ActiveCfg = Debug|Win32
		{D97C46DC-D0C1-4D87-A4AA-9ED3C0D24C6F}.Debug|x86.ActiveCfg = Debug|Win32
		{D97C46DC-D0C1-4D87-A4AA-9ED3C0D24C6F}.Debug|x86.Build.0 = Debug|Win32
		{D97C46DC-D0C1-4D87-A4AA-9ED3C0D24C6F}.Release|x64.ActiveCfg = Release|Win32
		{D97C46DC-D0C1-4D87-A4AA-9ED3C0D24C6F}.Release|x86.ActiveCfg = Release|Win32
		{D97C46DC-D0C1-4D87-A4AA-9ED3C0D24C6F}.Release|x86.Build.0 = Release|Win32
		{D97C46DC-D0C1-4D87-A4AA-9ED3C0D24C6F}.Template|x64.ActiveCfg = Template|Win32
		{D97C46DC-D0C1-4D87-A4AA-9ED3C0D24C6F}.Template|x86.ActiveCfg = Template|Win32
		{D97C46DC-D0C1-4D87-A4AA-9ED3C0D24C6F}.Template|x86.Build.0 = Template|Win32
		{6DDB8F88-6FCB-433B-91B0-495FEEEDA994}.Debug|x64.ActiveCfg = Debug|Win32
		{6DDB8F88-6FCB-433B-91B0-495FEEEDA994}.Debug|x86.ActiveCfg = Debug|Win32
		{6DDB8F88-6FCB-433B-91B0-495FEEEDA994}.Debug|x86.Build.0 = Debug|Win32
		{6DDB8F88-6FCB-433B-91B0-495FEEEDA994}.Release|x64.ActiveCfg = Release|Win32
		{6DDB8F88-6FCB-433B-91B0-495FEEEDA994}.Release|x86.ActiveCfg = Release|Win32
		{6DDB8F88-6FCB-433B-91B0-495FEEEDA994}.Release|x86.Build.0 = Release|Win32
		{6DDB8F88-6FCB-433B-91B0-495FEEEDA994}.Template|x64.ActiveCfg = Debug|Win32
		{6DDB8F88-6FCB-433B-91B0-495FEEEDA994}.Template|x64.Build.0 = Debug|Win32
		{6DDB8F88-6FCB-433B-91B0-495FEEEDA994}.Template|x86.ActiveCfg = Debug|Win32
		{6DDB8F88-6FCB-433B-91B0-495FEEEDA994}.Template|x86.Build.0 = Debug|Win32
		{1D0148B9-AD86-4ECD-8601-5C505193D6B3}.Debug|x64.ActiveCfg = Debug|Win32
		{1D0148B9-AD86-4ECD-8601-5C505193D6B3}.Debug|x86.ActiveCfg = Debug|Win32
		{1D0148B9-AD86-4ECD-8601-5C505193D6B3}.Debug|x86.Build.0 = Debug|Win32
		{1D0148B9-AD86-4ECD-8601-5C505193D6B3}.Release|x64.ActiveCfg = Release|Win32
		{1D0148B9-AD86-4ECD-8601-5C505193D6B3}.Release|x86.ActiveCfg = Release|Win32
		{1D0148B9-AD86-4ECD-8601-5C505193D6B3}.Release|x86.Build.0 = Release|Win32
		{1D0148B9-AD86-4ECD-8601-5C505193D6B3}.Template|x64.ActiveCfg = Template|Win32
		{1D0148B9-AD86-4ECD-8601-5C505193D6B3}.Template|x86.ActiveCfg = Template|Win32
		{1D0148B9-AD86-4ECD-8601-5C505193D6B3}.Template|x86.Build.0 = Template|Win32
		{B47EEA98-21D3-487A-BB0F-B4A4065B57C6}.Debug|x64.ActiveCfg = Debug|Win32
		{B47EEA98-21D3-487A-BB0F-B4A4065B57C6}.Debug|x86.ActiveCfg = Debug|Win32
		{B47EEA98-21D3-487A-BB0F-B4A4065B57C6}.Debug|x86.Build.0 = Debug|Win32
		{B47EEA98-21D3-487A-BB0F-B4A4065B57C6}.Release|x64.ActiveCfg = Release|Win32
		{B47EEA98-21D3-487A-BB0F-B4A4065B57C6}.Release|x86.ActiveCfg = Release|Win32
		{B47EEA98-21D3-487A-BB0F-B4A4065B57C6}.Release|x86.Build.0 = Release|Win32
		{B47EEA98-21D3-487A-BB0F-B4A4065B57C6}.Template|x64.ActiveCfg = Template|Win32
		{B47EEA98-21D3-487A-BB0F-B4A4065B57C6}.Template|x86.ActiveCfg = Template|Win32
		{B47EEA98-21D3-487A-BB0F-B4A4065B57C6}.Template|x86.Build.0 = Template|Win32
		{7C061C05-C620-4E5D-B02B-4F3291026FA5}.Debug|x64.ActiveCfg = Debug|Win32
		{7C061C05-C620-4E5D-B02B-4F3291026FA5}.Debug|x86.ActiveCfg = Debug|Win32
		{7C061C05-C620-4E5D-B02B-4F3291026FA5}.Debug|x86.Build.0 = Debug|Win32
		{7C061C05-C620-4E5D-B02B-4F3291026FA5}.Release|x64.ActiveCfg = Release|Win32
		{7C061C05-C620-4E5D-B02B-4F3291026FA5}.Release|x86.ActiveCfg = Release|Win32
		{7C061C05-C620-4E5D-B02B-4F3291026FA5}.Release|x86.Build.0 = Release|Win32
		{7C061C05-C620-4E5D-B02B-4F3291026FA5}.Template|x64.ActiveCfg = Template|Win32
		{7C061C05-C620-4E5D-B02B-4F3291026FA5}.Template|x86.ActiveCfg = Template|Win32
		{7C061C05-C620-4E5D-B02B-4F3291026FA5}.Template|x86.Build.0 = Template|Win32
		{DC23AE9D-F05F-45A5-B481-697763CDF96C}.Debug|x64.ActiveCfg = Debug|Win32
		{DC23AE9D-F05F-45A5-B481-697763CDF96C}.Debug|x86.ActiveCfg = Debug|Win32
		{DC23AE9D-F05F-45A5-B481-697763CDF96C}.Debug|x86.Build.0 = Debug|Win32
		{DC23AE9D-F05F-45A5-B481-697763CDF96C}.Release|x64.ActiveCfg = Release|Win32
		{DC23AE9D-F05F-45A5-B481-697763CDF96C}.Release|x86.ActiveCfg = Release|Win32
		{DC23AE9D-F05F-45A5-B481-697763CDF96C}.Release|x86.Build.0 = Release|Win32
		{DC23AE9D-F05F-45A5-B481-697763CDF96C}.Template|x64.ActiveCfg = Template|Win32
		{DC23AE9D-F05F-45A5-B481-697763CDF96C}.Template|x86.ActiveCfg = Template|Win32
		{DC23AE9D-F05F-45A5-B481-697763CDF96C}.Template|x86.Build.0 = Template|Win32
		{ED1AF631-ADC3-4472-B9C3-D10E9DE3BD8E}.Debug|x64.ActiveCfg = Debug|Win32
		{ED1AF631-ADC3-4472-B9C3-D10E9DE3BD8E}.Debug|x86.ActiveCfg = Debug|Win32
		{ED1AF631-ADC3-4472-B9C3-D10E9DE3BD8E}.Debug|x86.Build.0 = Debug|Win32
		{ED1AF631-ADC3-4472-B9C3-D10E9DE3BD8E}.Release|x64.ActiveCfg = Release|Win32
		{ED1AF631-ADC3-4472-B9C3-D10E9DE3BD8E}.Release|x86.ActiveCfg = Release|Win32
		{ED1AF631-ADC3-4472-B9C3-D10E9DE3BD8E}.Release|x86.Build.0 = Release|Win32
		{ED1AF631-ADC3-4472-B9C3-D10E9DE3BD8E}.Template|x64.ActiveCfg = Template|Win32
		{ED1AF631-ADC3-4472-B9C3-D10E9DE3BD8E}.Template|x86.ActiveCfg = Template|Win32
		{ED1AF631-ADC3-4472-B9C3-D10E9DE3BD8E}.Template|x86.Build.0 = Template|Win32
		{5DE3FEE5-471D-4FFB-A900-A07F364A09F2}.Debug|x64.ActiveCfg = Debug|Win32
		{5DE3FEE5-471D-4FFB-A900-A07F364A09F2}.Debug|x86.ActiveCfg = Debug|Win32
		{5DE3FEE5-471D-4FFB-A900-A07F364A09F2}.Debug|x86.Build.0 = Debug|Win32
		{5DE3FEE5-471D-4FFB-A900-A07F364A09F2}.Release|x64.ActiveCfg = Release|Win32
		{5DE3FEE5-471D-4FFB-A900-A07F364A09F2}.Release|x86.ActiveCfg = Release|Win32
		{5DE3FEE5-471D-4FFB-A900-A07F364A09F2}.Release|x86.Build.0 = Release|Win32
		{5DE3FEE5-471D-4FFB-A900-A07F364A09F2}.Template|x64.ActiveCfg = Template|Win32
		{5DE3FEE5-471D-4FFB-A900-A07F364A09F2}.Template|x86.ActiveCfg = Template|Win32
		{5DE3FEE5-471D-4FFB-A900-A07F364A09F2}.Template|x86.Build.0 = Template|Win32
		{65F6A01A-8324-4017-94E6-9E819475C0BB}.Debug|x64.ActiveCfg = Debug|Win32
		{65F6A01A-8324-4017-94E6-9E819475C0BB}.Debug|x86.ActiveCfg = Debug|Win32
		{65F6A01A-8324-4017-94E6-9E819475C0BB}.Debug|x86.Build.0 = Debug|Win32
		{65F6A01A-8324-4017-94E6-9E819475C0BB}.Release|x64.ActiveCfg = Release|Win32
		{65F6A01A-8324-4017-94E6-9E819475C0BB}.Release|x86.ActiveCfg = Release|Win32
		{65F6A01A-8324-4017-94E6-9E819475C0BB}.Release|x86.Build.0 = Release|Win32
		{65F6A01A-8324-4017-94E6-9E819475C0BB}.Template|x64.ActiveCfg = Template|Win32
		{65F6A01A-8324-4017-94E6-9E819475C0BB}.Template|x86.ActiveCfg = Template|Win32
		{65F6A01A-8324-4017-94E6-9E819475C0BB}.Template|x86.Build.0 = Template|Win32
		{31D35A8E-68AC-4215-89A3-B13CEC053712}.Debug|x64.ActiveCfg = Debug|Win32
		{31D35A8E-68AC-4215-89A3-B13CEC053712}.Debug|x86.ActiveCfg = Debug|Win32
		{31D35A8E-68AC-4215-89A3-B13CEC053712}.Debug|x86.Build.0 = Debug|Win32
		{31D35A8E-68AC-4215-89A3-B13CEC053712}.Release|x64.ActiveCfg = Release|Win32
		{31D35A8E-68AC-4215-89A3-B13CEC053712}.Release|x86.ActiveCfg = Release|Win32
		{31D35A8E-68AC-4215-89A3-B13CEC053712}.Release|x86.Build.0 = Release|Win32
		{31D35A8E-68AC-4215-89A3-B13CEC053712}.Template|x64.ActiveCfg = Template|Win32
		{31D35A8E-68AC-4215-89A3-B13CEC053712}.Template|x86.ActiveCfg = Template|Win32
		{31D35A8E-68AC-4215-89A3-B13CEC053712}.Template|x86.Build.0 = Template|Win32
		{A5807A36-E92C-477E-BE4F-868EEA0E1080}.Debug|x64.ActiveCfg = Debug|Win32
		{A5807A36-E92C-477E-BE4F-868EEA0E1080}.Debug|x86.ActiveCfg = Debug|Win32
		{A5807A36-E92C-477E-BE4F-868EEA0E1080}.Debug|x86.Build.0 = Debug|Win32
		{A5807A36-E92C-477E-BE4F-868EEA0E1080}.Release|x64.ActiveCfg = Release|Win32
		{A5807A36-E92C-477E-BE4F-868EEA0E1080}.Release|x86.ActiveCfg = Release|Win32
		{A5807A36-E92C-477E-BE4F-868EEA0E1080}.Release|x86.Build.0 = Release|Win32
		{A5807A36-E92C-477E-BE4F-868EEA0E1080}.Template|x64.ActiveCfg = Template|Win32
		{A5807A36-E92C-477E-BE4F-868EEA0E1080}.Template|x86.ActiveCfg = Template|Win32
		{A5807A36-E92C-477E-BE4F-868EEA0E1080}.Template|x86.Build.0 = Template|Win32
		{7FBD91A4-9632-45C0-B1A4-47B7C4A30E0A}.Debug|x64.ActiveCfg = Debug|Win32
		{7FBD91A4-9632-45C0-B1A4-47B7C4A30E0A}.Debug|x86.ActiveCfg = Debug|Win32
		{7FBD91A4-9632-45C0-B1A4-47B7C4A30E0A}.Debug|x86.Build.0 = Debug|Win32
		{7FBD91A4-9632-45C0-B1A4-47B7C4A30E0A}.Release|x64.ActiveCfg = Release|Win32
		{7FBD91A4-9632-45C0-B1A4-47B7C4A30E0A}.Release|x86.ActiveCfg = Release|Win32
		{7FBD91A4-9632-45C0-B1A4-47B7C4A30E0A}.Release|x86.Build.0 = Release|Win32
		{7FBD91A4-9632-45C0-B1A4-47B7C4A30E0A}.Template|x64.ActiveCfg = Debug|Win32
		{7FBD91A4-9632-45C0-B1A4-47B7C4A30E0A}.Template|x64.Build.0 = Debug|Win32
		{7FBD91A4-9632-45C0-B1A4-47B7C4A30E0A}.Template|x86.ActiveCfg = Debug|Win32
		{7FBD91A4-9632-45C0-B1A4-47B7C4A30E0A}.Template|x86.Build.0 = Debug|Win32
		{C42375FB-B0C6-496E-8C29-34880B13A440}.Debug|x64.ActiveCfg = Debug|Win32
		{C42375FB-B0C6-496E-8C29-34880B13A440}.Debug|x86.ActiveCfg = Debug|Win32
		{C42375FB-B0C6-496E-8C29-34880B13A440}.Debug|x86.Build.0 = Debug|Win32
		{C42375FB-B0C6-496E-8C29-34880B13A440}.Release|x64.ActiveCfg = Release|Win32
		{C42375FB-B0C6-496E-8C29-34880B13A440}.Release|x86.ActiveCfg = Release|Win32
		{C42375FB-B0C6-496E-8C29-34880B13A440}.Release|x86.Build.0 = Release|Win32
		{C42375FB-B0C6-496E-8C29-34880B13A440}.Template|x64.ActiveCfg = Template|Win32
		{C42375FB-B0C6-496E-8C29-34880B13A440}.Template|x86.ActiveCfg = Template|Win32
		{C42375FB-B0C6-496E-8C29-34880B13A440}.Template|x86.Build.0 = Template|Win32
		{5F172D0E-F6AB-40DA-B0C8-8FE709B4ABD1}.Debug|x64.ActiveCfg = Debug|Win32
		{5F172D0E-F6AB-40DA-B0C8-8FE709B4ABD1}.Debug|x86.ActiveCfg = Debug|Win32
		{5F172D0E-F6AB-40DA-B0C8-8FE709B4ABD1}.Debug|x86.Build.0 = Debug|Win32
		{5F172D0E-F6AB-40DA-B0C8-8FE709B4ABD1}.Release|x64.ActiveCfg = Release|Win32
		{5F172D0E-F6AB-40DA-B0C8-8FE709B4ABD1}.Release|x86.ActiveCfg = Release|Win32
		{5F172D0E-F6AB-40DA-B0C8-8FE709B4ABD1}.Release|x86.Build.0 = Release|Win32
		{5F172D0E-F6AB-40DA-B0C8-8FE709B4ABD1}.Template|x64.ActiveCfg = Template|Win32
		{5F172D0E-F6AB-40DA-B0C8-8FE709B4ABD1}.Template|x86.ActiveCfg = Template|Win32
		{5F172D0E-F6AB-40DA-B0C8-8FE709B4ABD1}.Template|x86.Build.0 = Template|Win32
		{EBDB244E-ED29-4E5C-88AA-E2D649FF49F1}.Debug|x64.ActiveCfg = Debug|Win32
		{EBDB244E-ED29-4E5C-88AA-E2D649FF49F1}.Debug|x86.ActiveCfg = Debug|Win32
		{EBDB244E-ED29-4E5C-88AA-E2D649FF49F1}.Debug|x86.Build.0 = Debug|Win32
		{EBDB244E-ED29-4E5C-88AA-E2D649FF49F1}.Release|x64.ActiveCfg = Release|Win32
		{EBDB244E-ED29-4E5C-88AA-E2D649FF49F1}.Release|x86.ActiveCfg = Release|Win32
		{EBDB244E-ED29-4E5C-88AA-E2D649FF49F1}.Release|x86.Build.0 = Release|Win32
		{EBDB244E-ED29-4E5C-88AA-E2D649FF49F1}.Template|x64.ActiveCfg = Debug|Win32
		{EBDB244E-ED29-4E5C-88AA-E2D649FF49F1}.Template|x64.Build.0 = Debug|Win32
		{EBDB244E-ED29-4E5C-88AA-E2D649FF49F1}.Template|x86.ActiveCfg = Debug|Win32
		{EBDB244E-ED29-4E5C-88AA-E2D649FF49F1}.Template|x86.Build.0 = Debug|Win32
		{42C3C42A-B724-4046-824F-7F3F10944895}.Debug|x64.ActiveCfg = Debug|Win32
		{42C3C42A-B724-4046-824F-7F3F10944895}.Debug|x86.ActiveCfg = Debug|Win32
		{42C3C42A-B724-4046-824F-7F3F10944895}.Debug|x86.Build.0 = Debug|Win32
		{42C3C42A-B724-4046-824F-7F3F10944895}.Release|x64.ActiveCfg = Release|Win32
		{42C3C42A-B724-4046-824F-7F3F10944895}.Release|x86.ActiveCfg = Release|Win32
		{42C3C42A-B724-4046-824F-7F3F10944895}.Release|x86.Build.0 = Release|Win32
		{42C3C42A-B724-4046-824F-7F3F10944895}.Template|x64.ActiveCfg = Template|Win32
		{42C3C42A-B724-4046-824F-7F3F10944895}.Template|x86.ActiveCfg = Template|Win32
		{42C3C42A-B724-4046-824F-7F3F10944895}.Template|x86.Build.0 = Template|Win32
		{46D54FA3-357C-4B26-93D9-B92C786A77A1}.Debug|x64.ActiveCfg = Debug|Win32
		{46D54FA3-357C-4B26-93D9-B92C786A77A1}.Debug|x86.ActiveCfg = Debug|Win32
		{46D54FA3-357C-4B26-93D9-B92C786A77A1}.Debug|x86.Build.0 = Debug|Win32
		{46D54FA3-357C-4B26-93D9-B92C786A77A1}.Release|x64.ActiveCfg = Release|Win32
		{46D54FA3-357C-4B26-93D9-B92C786A77A1}.Release|x86.ActiveCfg = Release|Win32
		{46D54FA3-357C-4B26-93D9-B92C786A77A1}.Release|x86.Build.0 = Release|Win32
		{46D54FA3-357C-4B26-93D9-B92C786A77A1}.Template|x64.ActiveCfg = Template|Win32
		{46D54FA3-357C-4B26-93D9-B92C786A77A1}.Template|x86.ActiveCfg = Template|Win32
		{46D54FA3-357C-4B26-93D9-B92C786A77A1}.Template|x86.Build.0 = Template|Win32
	EndGlobalSection
	GlobalSection(SolutionProperties) = preSolution
		HideSolutionNode = FALSE
	EndGlobalSection
	GlobalSection(ExtensibilityGlobals) = postSolution
		SolutionGuid = {C2560BD6-AF54-4D82-998B-F723E624EAB0}
	EndGlobalSection
EndGlobal
